
Microsoft Visual Studio Solution File, Format Version 12.00
# Visual Studio Version 17
VisualStudioVersion = 17.0.32014.148
MinimumVisualStudioVersion = 10.0.40219.1
Project("{2150E333-8FDC-42A3-9474-1A3956D46DE8}") = "FrontEnd", "FrontEnd", "{A305884A-FA03-46F5-85F1-5746BDA04A18}"
EndProject
Project("{2150E333-8FDC-42A3-9474-1A3956D46DE8}") = "Services", "Services", "{24B8C679-2D4B-486D-9F34-EAED51EB9D91}"
EndProject
Project("{9A19103F-16F7-4668-BE54-9A1E7A4F7556}") = "GeekShopping.Web", "GeekShopping.Web\GeekShopping.Web.csproj", "{8E431601-F61D-4D78-898A-9B0E7FA7EB01}"
EndProject
Project("{9A19103F-16F7-4668-BE54-9A1E7A4F7556}") = "GeekShopping.ProductAPI", "GeekShopping.ProductAPI\GeekShopping.ProductAPI.csproj", "{843837E6-204B-4006-9B5B-1FB0285DDF0F}"
EndProject
Project("{9A19103F-16F7-4668-BE54-9A1E7A4F7556}") = "GeekShopping.IdentityServer", "GeekShopping.IdentityServer\GeekShopping.IdentityServer.csproj", "{70E8A7ED-4F0B-47B3-9D12-0CE8F8329EF9}"
EndProject
Project("{9A19103F-16F7-4668-BE54-9A1E7A4F7556}") = "GeekShopping.CartAPI", "GeekShopping.CartAPI\GeekShopping.CartAPI.csproj", "{EC8E98B2-72E9-4058-8D49-9CAA2FEEAD64}"
EndProject
Project("{9A19103F-16F7-4668-BE54-9A1E7A4F7556}") = "GeekShopping.CouponAPI", "GeekShopping.CouponAPI\GeekShopping.CouponAPI.csproj", "{DE98896B-CB99-4A82-910F-B190514DE7A1}"
EndProject
Project("{2150E333-8FDC-42A3-9474-1A3956D46DE8}") = "Integration", "Integration", "{E2D9E18F-9DC3-4D53-B640-C0DDA577893C}"
EndProject
Project("{9A19103F-16F7-4668-BE54-9A1E7A4F7556}") = "GeekShopping.MessageBus", "GeekShopping.MessageBus\GeekShopping.MessageBus.csproj", "{E61120ED-7FB0-4059-B34C-DA3F7216A4B0}"
EndProject
Project("{9A19103F-16F7-4668-BE54-9A1E7A4F7556}") = "GeekShopping.OrderAPI", "GeekShopping.OrderAPI\GeekShopping.OrderAPI.csproj", "{BCDB8D8B-461D-438D-80A9-E79DC66E1E57}"
EndProject
Project("{2150E333-8FDC-42A3-9474-1A3956D46DE8}") = "Payments", "Payments", "{4E44CF02-B440-46E6-A282-013D99929596}"
EndProject
Project("{9A19103F-16F7-4668-BE54-9A1E7A4F7556}") = "GeekShopping.PaymentProcessor", "GeekShopping.PaymentProcessor\GeekShopping.PaymentProcessor.csproj", "{9E1C0D1D-C055-4097-B737-88917117DE67}"
EndProject
Project("{9A19103F-16F7-4668-BE54-9A1E7A4F7556}") = "GeekShopping.PaymentAPI", "GeekShopping.PaymentAPI\GeekShopping.PaymentAPI.csproj", "{929C31A9-3943-442A-AB51-F0310DEA3DD3}"
EndProject
Project("{9A19103F-16F7-4668-BE54-9A1E7A4F7556}") = "GeekShopping.Email", "GeekShopping.Email\GeekShopping.Email.csproj", "{33F9E366-4016-497F-B34E-B15F33472B9C}"
EndProject
Project("{2150E333-8FDC-42A3-9474-1A3956D46DE8}") = "Gateway", "Gateway", "{3067950E-1BD6-4B39-B693-2B8F9E959104}"
EndProject
Project("{FAE04EC0-301F-11D3-BF4B-00C04F79EFBC}") = "GeekShopping.APIGateway", "GeekShopping.APIGateway\GeekShopping.APIGateway.csproj", "{BDE52456-5098-4A37-9B09-3B3C3E4E9C7A}"
EndProject
Global
	GlobalSection(SolutionConfigurationPlatforms) = preSolution
		Debug|Any CPU = Debug|Any CPU
		Release|Any CPU = Release|Any CPU
	EndGlobalSection
	GlobalSection(ProjectConfigurationPlatforms) = postSolution
		{8E431601-F61D-4D78-898A-9B0E7FA7EB01}.Debug|Any CPU.ActiveCfg = Debug|Any CPU
		{8E431601-F61D-4D78-898A-9B0E7FA7EB01}.Debug|Any CPU.Build.0 = Debug|Any CPU
		{8E431601-F61D-4D78-898A-9B0E7FA7EB01}.Release|Any CPU.ActiveCfg = Release|Any CPU
		{8E431601-F61D-4D78-898A-9B0E7FA7EB01}.Release|Any CPU.Build.0 = Release|Any CPU
		{843837E6-204B-4006-9B5B-1FB0285DDF0F}.Debug|Any CPU.ActiveCfg = Debug|Any CPU
		{843837E6-204B-4006-9B5B-1FB0285DDF0F}.Debug|Any CPU.Build.0 = Debug|Any CPU
		{843837E6-204B-4006-9B5B-1FB0285DDF0F}.Release|Any CPU.ActiveCfg = Release|Any CPU
		{843837E6-204B-4006-9B5B-1FB0285DDF0F}.Release|Any CPU.Build.0 = Release|Any CPU
		{70E8A7ED-4F0B-47B3-9D12-0CE8F8329EF9}.Debug|Any CPU.ActiveCfg = Debug|Any CPU
		{70E8A7ED-4F0B-47B3-9D12-0CE8F8329EF9}.Debug|Any CPU.Build.0 = Debug|Any CPU
		{70E8A7ED-4F0B-47B3-9D12-0CE8F8329EF9}.Release|Any CPU.ActiveCfg = Release|Any CPU
		{70E8A7ED-4F0B-47B3-9D12-0CE8F8329EF9}.Release|Any CPU.Build.0 = Release|Any CPU
		{EC8E98B2-72E9-4058-8D49-9CAA2FEEAD64}.Debug|Any CPU.ActiveCfg = Debug|Any CPU
		{EC8E98B2-72E9-4058-8D49-9CAA2FEEAD64}.Debug|Any CPU.Build.0 = Debug|Any CPU
		{EC8E98B2-72E9-4058-8D49-9CAA2FEEAD64}.Release|Any CPU.ActiveCfg = Release|Any CPU
		{EC8E98B2-72E9-4058-8D49-9CAA2FEEAD64}.Release|Any CPU.Build.0 = Release|Any CPU
		{DE98896B-CB99-4A82-910F-B190514DE7A1}.Debug|Any CPU.ActiveCfg = Debug|Any CPU
		{DE98896B-CB99-4A82-910F-B190514DE7A1}.Debug|Any CPU.Build.0 = Debug|Any CPU
		{DE98896B-CB99-4A82-910F-B190514DE7A1}.Release|Any CPU.ActiveCfg = Release|Any CPU
		{DE98896B-CB99-4A82-910F-B190514DE7A1}.Release|Any CPU.Build.0 = Release|Any CPU
		{E61120ED-7FB0-4059-B34C-DA3F7216A4B0}.Debug|Any CPU.ActiveCfg = Debug|Any CPU
		{E61120ED-7FB0-4059-B34C-DA3F7216A4B0}.Debug|Any CPU.Build.0 = Debug|Any CPU
		{E61120ED-7FB0-4059-B34C-DA3F7216A4B0}.Release|Any CPU.ActiveCfg = Release|Any CPU
		{E61120ED-7FB0-4059-B34C-DA3F7216A4B0}.Release|Any CPU.Build.0 = Release|Any CPU
		{BCDB8D8B-461D-438D-80A9-E79DC66E1E57}.Debug|Any CPU.ActiveCfg = Debug|Any CPU
		{BCDB8D8B-461D-438D-80A9-E79DC66E1E57}.Debug|Any CPU.Build.0 = Debug|Any CPU
		{BCDB8D8B-461D-438D-80A9-E79DC66E1E57}.Release|Any CPU.ActiveCfg = Release|Any CPU
		{BCDB8D8B-461D-438D-80A9-E79DC66E1E57}.Release|Any CPU.Build.0 = Release|Any CPU
		{9E1C0D1D-C055-4097-B737-88917117DE67}.Debug|Any CPU.ActiveCfg = Debug|Any CPU
		{9E1C0D1D-C055-4097-B737-88917117DE67}.Debug|Any CPU.Build.0 = Debug|Any CPU
		{9E1C0D1D-C055-4097-B737-88917117DE67}.Release|Any CPU.ActiveCfg = Release|Any CPU
		{9E1C0D1D-C055-4097-B737-88917117DE67}.Release|Any CPU.Build.0 = Release|Any CPU
		{929C31A9-3943-442A-AB51-F0310DEA3DD3}.Debug|Any CPU.ActiveCfg = Debug|Any CPU
		{929C31A9-3943-442A-AB51-F0310DEA3DD3}.Debug|Any CPU.Build.0 = Debug|Any CPU
		{929C31A9-3943-442A-AB51-F0310DEA3DD3}.Release|Any CPU.ActiveCfg = Release|Any CPU
		{929C31A9-3943-442A-AB51-F0310DEA3DD3}.Release|Any CPU.Build.0 = Release|Any CPU
		{33F9E366-4016-497F-B34E-B15F33472B9C}.Debug|Any CPU.ActiveCfg = Debug|Any CPU
		{33F9E366-4016-497F-B34E-B15F33472B9C}.Debug|Any CPU.Build.0 = Debug|Any CPU
		{33F9E366-4016-497F-B34E-B15F33472B9C}.Release|Any CPU.ActiveCfg = Release|Any CPU
		{33F9E366-4016-497F-B34E-B15F33472B9C}.Release|Any CPU.Build.0 = Release|Any CPU
		{BDE52456-5098-4A37-9B09-3B3C3E4E9C7A}.Debug|Any CPU.ActiveCfg = Debug|Any CPU
		{BDE52456-5098-4A37-9B09-3B3C3E4E9C7A}.Debug|Any CPU.Build.0 = Debug|Any CPU
		{BDE52456-5098-4A37-9B09-3B3C3E4E9C7A}.Release|Any CPU.ActiveCfg = Release|Any CPU
		{BDE52456-5098-4A37-9B09-3B3C3E4E9C7A}.Release|Any CPU.Build.0 = Release|Any CPU
	EndGlobalSection
	GlobalSection(SolutionProperties) = preSolution
		HideSolutionNode = FALSE
	EndGlobalSection
	GlobalSection(NestedProjects) = preSolution
		{8E431601-F61D-4D78-898A-9B0E7FA7EB01} = {A305884A-FA03-46F5-85F1-5746BDA04A18}
		{843837E6-204B-4006-9B5B-1FB0285DDF0F} = {24B8C679-2D4B-486D-9F34-EAED51EB9D91}
		{70E8A7ED-4F0B-47B3-9D12-0CE8F8329EF9} = {24B8C679-2D4B-486D-9F34-EAED51EB9D91}
		{EC8E98B2-72E9-4058-8D49-9CAA2FEEAD64} = {24B8C679-2D4B-486D-9F34-EAED51EB9D91}
		{DE98896B-CB99-4A82-910F-B190514DE7A1} = {24B8C679-2D4B-486D-9F34-EAED51EB9D91}
		{E61120ED-7FB0-4059-B34C-DA3F7216A4B0} = {E2D9E18F-9DC3-4D53-B640-C0DDA577893C}
		{BCDB8D8B-461D-438D-80A9-E79DC66E1E57} = {24B8C679-2D4B-486D-9F34-EAED51EB9D91}
		{9E1C0D1D-C055-4097-B737-88917117DE67} = {4E44CF02-B440-46E6-A282-013D99929596}
		{929C31A9-3943-442A-AB51-F0310DEA3DD3} = {24B8C679-2D4B-486D-9F34-EAED51EB9D91}
		{33F9E366-4016-497F-B34E-B15F33472B9C} = {24B8C679-2D4B-486D-9F34-EAED51EB9D91}
		{BDE52456-5098-4A37-9B09-3B3C3E4E9C7A} = {3067950E-1BD6-4B39-B693-2B8F9E959104}
	EndGlobalSection
	GlobalSection(ExtensibilityGlobals) = postSolution
		SolutionGuid = {A23D95CB-A97F-49EF-A852-AF2D247BB9AD}
	EndGlobalSection
EndGlobal
